{
    "_readme": [
        "This file locks the dependencies of your project to a known state",
        "Read more about it at https://getcomposer.org/doc/01-basic-usage.md#installing-dependencies",
        "This file is @generated automatically"
    ],
    "content-hash": "bb8b2596ef3887695f63d4b9727b8899",
    "packages": [
        {
            "name": "hananils/document",
            "version": "dev-main",
            "source": {
                "type": "git",
                "url": "git@github.com:hananils/document.git",
                "reference": "df07fcdf1ead5166c4925028da7bdee011aeef46"
            },
            "dist": {
                "type": "zip",
                "url": "https://api.github.com/repos/hananils/document/zipball/df07fcdf1ead5166c4925028da7bdee011aeef46",
                "reference": "df07fcdf1ead5166c4925028da7bdee011aeef46",
                "shasum": ""
            },
            "require": {
                "php": "^8.5"
            },
            "default-branch": true,
            "type": "library",
            "autoload": {
                "psr-4": {
                    "Hananils\\": "src/"
                }
            },
            "license": [
                "mit"
            ],
            "authors": [
                {
                    "name": "Büro für Gestaltung",
                    "email": "buero@hananils.de"
                }
            ],
            "description": "HTML documents",
            "support": {
                "source": "https://github.com/hananils/document/tree/2.0.0",
                "issues": "https://github.com/hananils/document/issues"
            },
            "time": "2026-10-01T07:33:46+00:00"
        },
        {
            "name": "hananils/kirby-fields",
            "version": "dev-main",
            "source": {
                "type": "git",
                "url": "git@github.com:hananils/kirby-fields.git",
                "reference": "d32d18c330faa503dff54fc66e12ac9b98782749"
            },
            "dist": {
                "type": "zip",
                "url": "https://api.github.com/repos/hananils/kirby-fields/zipball/d32d18c330faa503dff54fc66e12ac9b98782749",
                "reference": "d32d18c330faa503dff54fc66e12ac9b98782749",
                "shasum": ""
            },
            "default-branch": true,
            "type": "helper",
            "autoload": {
                "psr-4": {
                    "Hananils\\Fields\\": "src/"
                }
            },
            "license": [
                "mit"
            ],
            "authors": [
                {
                    "name": "Büro für Gestaltung",
                    "email": "buero@hananils.de"
                }
            ],
            "description": "Fields handler for Kirby",
            "support": {
                "source": "https://github.com/hananils/kirby-fields/tree/1.0.0",
                "issues": "https://github.com/hananils/kirby-fields/issues"
            },
            "time": "2026-10-01T07:29:58+00:00"
        },
        {
            "name": "hananils/kirby-plugins",
            "version": "dev-main",
            "source": {
                "type": "git",
                "url": "git@github.com:hananils/kirby-plugins.git",
                "reference": "8a6379b185df611cf2acfe705182a14777b7e2c9"
            },
            "dist": {
                "type": "zip",
                "url": "https://api.github.com/repos/hananils/kirby-plugins/zipball/8a6379b185df611cf2acfe705182a14777b7e2c9",
                "reference": "8a6379b185df611cf2acfe705182a14777b7e2c9",
                "shasum": ""
            },
            "default-branch": true,
            "type": "library",
            "autoload": {
                "psr-4": {
                    "Hananils\\Plugins\\": "src/"
                }
            },
            "license": [
                "MIT"
            ],
            "authors": [
                {
                    "name": "hana+nils · Büro für Gestaltung",
                    "email": "nils.hoerrmann@hananils.de"
                }
            ],
            "description": "Plugin manager for Kirby with autoload capacity",
            "support": {
                "source": "https://github.com/hananils/kirby-plugins/tree/1.0.0",
                "issues": "https://github.com/hananils/kirby-plugins/issues"
            },
            "time": "2026-10-01T07:31:48+00:00"
        }
    ],
    "packages-dev": [],
    "aliases": [],
    "minimum-stability": "stable",
    "stability-flags": {
        "hananils/document": 20,
        "hananils/kirby-fields": 20,
        "hananils/kirby-plugins": 20
    },
    "prefer-stable": false,
    "prefer-lowest": false,
    "platform": {
        "php": "^8.5"
    },
    "platform-dev": {},
    "plugin-api-version": "2.9.0"
}
